
Microsoft Visual Studio Solution File, Format Version 12.00
# Visual Studio Version 17
VisualStudioVersion = 17.10.34916.146
MinimumVisualStudioVersion = 10.0.40219.1
Project("{9A19103F-16F7-4668-BE54-9A1E7A4F7556}") = "AliMartinCv", "AliMartinCv\AliMartinCv.csproj", "{2CF0C70B-5AA4-4651-AC85-F35B4F4FB3A1}"
EndProject
Project("{9A19103F-16F7-4668-BE54-9A1E7A4F7556}") = "AliMartinCv.DataLayer", "AliMartinCv.DataLayer\AliMartinCv.DataLayer.csproj", "{4B397587-5AFE-491E-9129-5E2E6C0F8035}"
EndProject
Project("{9A19103F-16F7-4668-BE54-9A1E7A4F7556}") = "AliMartinCv.Core", "AliMartinCv.Core\AliMartinCv.Core.csproj", "{AD5A525D-A7CA-4F1E-9447-9EB4D6D91CE8}"
EndProject
Project("{FAE04EC0-301F-11D3-BF4B-00C04F79EFBC}") = "Generator", "Generator\Generator.csproj", "{4EB0CCA4-22E7-4D55-9188-33FD277D30B3}"
EndProject
Project("{FAE04EC0-301F-11D3-BF4B-00C04F79EFBC}") = "GeneratorApp", "GeneratorApp\GeneratorApp.csproj", "{BB17BF3F-0EE5-4AEF-9E2C-E3DBC7AE1F36}"
EndProject
Global
	GlobalSection(SolutionConfigurationPlatforms) = preSolution
		Debug|Any CPU = Debug|Any CPU
		Release|Any CPU = Release|Any CPU
	EndGlobalSection
	GlobalSection(ProjectConfigurationPlatforms) = postSolution
		{2CF0C70B-5AA4-4651-AC85-F35B4F4FB3A1}.Debug|Any CPU.ActiveCfg = Debug|Any CPU
		{2CF0C70B-5AA4-4651-AC85-F35B4F4FB3A1}.Debug|Any CPU.Build.0 = Debug|Any CPU
		{2CF0C70B-5AA4-4651-AC85-F35B4F4FB3A1}.Release|Any CPU.ActiveCfg = Release|Any CPU
		{2CF0C70B-5AA4-4651-AC85-F35B4F4FB3A1}.Release|Any CPU.Build.0 = Release|Any CPU
		{4B397587-5AFE-491E-9129-5E2E6C0F8035}.Debug|Any CPU.ActiveCfg = Debug|Any CPU
		{4B397587-5AFE-491E-9129-5E2E6C0F8035}.Debug|Any CPU.Build.0 = Debug|Any CPU
		{4B397587-5AFE-491E-9129-5E2E6C0F8035}.Release|Any CPU.ActiveCfg = Release|Any CPU
		{4B397587-5AFE-491E-9129-5E2E6C0F8035}.Release|Any CPU.Build.0 = Release|Any CPU
		{AD5A525D-A7CA-4F1E-9447-9EB4D6D91CE8}.Debug|Any CPU.ActiveCfg = Debug|Any CPU
		{AD5A525D-A7CA-4F1E-9447-9EB4D6D91CE8}.Debug|Any CPU.Build.0 = Debug|Any CPU
		{AD5A525D-A7CA-4F1E-9447-9EB4D6D91CE8}.Release|Any CPU.ActiveCfg = Release|Any CPU
		{AD5A525D-A7CA-4F1E-9447-9EB4D6D91CE8}.Release|Any CPU.Build.0 = Release|Any CPU
		{4EB0CCA4-22E7-4D55-9188-33FD277D30B3}.Debug|Any CPU.ActiveCfg = Debug|Any CPU
		{4EB0CCA4-22E7-4D55-9188-33FD277D30B3}.Debug|Any CPU.Build.0 = Debug|Any CPU
		{4EB0CCA4-22E7-4D55-9188-33FD277D30B3}.Release|Any CPU.ActiveCfg = Release|Any CPU
		{4EB0CCA4-22E7-4D55-9188-33FD277D30B3}.Release|Any CPU.Build.0 = Release|Any CPU
		{BB17BF3F-0EE5-4AEF-9E2C-E3DBC7AE1F36}.Debug|Any CPU.ActiveCfg = Debug|Any CPU
		{BB17BF3F-0EE5-4AEF-9E2C-E3DBC7AE1F36}.Debug|Any CPU.Build.0 = Debug|Any CPU
		{BB17BF3F-0EE5-4AEF-9E2C-E3DBC7AE1F36}.Release|Any CPU.ActiveCfg = Release|Any CPU
		{BB17BF3F-0EE5-4AEF-9E2C-E3DBC7AE1F36}.Release|Any CPU.Build.0 = Release|Any CPU
	EndGlobalSection
	GlobalSection(SolutionProperties) = preSolution
		HideSolutionNode = FALSE
	EndGlobalSection
	GlobalSection(ExtensibilityGlobals) = postSolution
		SolutionGuid = {F9FED57E-B1B5-4AAB-AF53-92164848A77A}
	EndGlobalSection
EndGlobal
